# This file is autogenerated, do not edit; changes may be undone by the next 'dep ensure'.


[[projects]]
  name = "github.com/emicklei/go-restful"
  packages = [".","log"]
  revision = "cf834cf8da5b681af81bde6fa32304e6ce8eec71"
  version = "2.2.0"

[solve-meta]
  analyzer-name = "dep"
  analyzer-version = 1
  inputs-digest = "4879abd237ef66e8a104223ab676255edc32e3aa5530cd1da8796cb6791abd27"
  solver-name = "gps-cdcl"
  solver-version = 1
